
Microsoft Visual Studio Solution File, Format Version 12.00
# Visual Studio Version 17
Project("{8BC9CEB8-8B4A-11D0-8D11-00A0C91BC942}") = "ALL_BUILD", "ALL_BUILD.vcxproj", "{27A241FB-F404-3285-A593-E5E51DDFBABF}"
	ProjectSection(ProjectDependencies) = postProject
		{0F42205D-17CC-3138-A04A-DA7AE3596129} = {0F42205D-17CC-3138-A04A-DA7AE3596129}
		{DA43F1C3-9CEE-3C19-A2D6-653C3767414D} = {DA43F1C3-9CEE-3C19-A2D6-653C3767414D}
		{72E14C36-14AF-39CA-9440-561DCD3BC3C0} = {72E14C36-14AF-39CA-9440-561DCD3BC3C0}
	EndProjectSection
EndProject
Project("{8BC9CEB8-8B4A-11D0-8D11-00A0C91BC942}") = "ZERO_CHECK", "ZERO_CHECK.vcxproj", "{0F42205D-17CC-3138-A04A-DA7AE3596129}"
	ProjectSection(ProjectDependencies) = postProject
	EndProjectSection
EndProject
Project("{8BC9CEB8-8B4A-11D0-8D11-00A0C91BC942}") = "platformer", "platformer.vcxproj", "{DA43F1C3-9CEE-3C19-A2D6-653C3767414D}"
	ProjectSection(ProjectDependencies) = postProject
		{0F42205D-17CC-3138-A04A-DA7AE3596129} = {0F42205D-17CC-3138-A04A-DA7AE3596129}
	EndProjectSection
EndProject
Project("{8BC9CEB8-8B4A-11D0-8D11-00A0C91BC942}") = "sheet_config", "sheet_config.vcxproj", "{72E14C36-14AF-39CA-9440-561DCD3BC3C0}"
	ProjectSection(ProjectDependencies) = postProject
		{0F42205D-17CC-3138-A04A-DA7AE3596129} = {0F42205D-17CC-3138-A04A-DA7AE3596129}
	EndProjectSection
EndProject
Global
	GlobalSection(SolutionConfigurationPlatforms) = preSolution
		Debug|x64 = Debug|x64
		Release|x64 = Release|x64
		MinSizeRel|x64 = MinSizeRel|x64
		RelWithDebInfo|x64 = RelWithDebInfo|x64
	EndGlobalSection
	GlobalSection(ProjectConfigurationPlatforms) = postSolution
		{27A241FB-F404-3285-A593-E5E51DDFBABF}.Debug|x64.ActiveCfg = Debug|x64
		{27A241FB-F404-3285-A593-E5E51DDFBABF}.Release|x64.ActiveCfg = Release|x64
		{27A241FB-F404-3285-A593-E5E51DDFBABF}.MinSizeRel|x64.ActiveCfg = MinSizeRel|x64
		{27A241FB-F404-3285-A593-E5E51DDFBABF}.RelWithDebInfo|x64.ActiveCfg = RelWithDebInfo|x64
		{0F42205D-17CC-3138-A04A-DA7AE3596129}.Debug|x64.ActiveCfg = Debug|x64
		{0F42205D-17CC-3138-A04A-DA7AE3596129}.Debug|x64.Build.0 = Debug|x64
		{0F42205D-17CC-3138-A04A-DA7AE3596129}.Release|x64.ActiveCfg = Release|x64
		{0F42205D-17CC-3138-A04A-DA7AE3596129}.Release|x64.Build.0 = Release|x64
		{0F42205D-17CC-3138-A04A-DA7AE3596129}.MinSizeRel|x64.ActiveCfg = MinSizeRel|x64
		{0F42205D-17CC-3138-A04A-DA7AE3596129}.MinSizeRel|x64.Build.0 = MinSizeRel|x64
		{0F42205D-17CC-3138-A04A-DA7AE3596129}.RelWithDebInfo|x64.ActiveCfg = RelWithDebInfo|x64
		{0F42205D-17CC-3138-A04A-DA7AE3596129}.RelWithDebInfo|x64.Build.0 = RelWithDebInfo|x64
		{DA43F1C3-9CEE-3C19-A2D6-653C3767414D}.Debug|x64.ActiveCfg = Debug|x64
		{DA43F1C3-9CEE-3C19-A2D6-653C3767414D}.Debug|x64.Build.0 = Debug|x64
		{DA43F1C3-9CEE-3C19-A2D6-653C3767414D}.Release|x64.ActiveCfg = Release|x64
		{DA43F1C3-9CEE-3C19-A2D6-653C3767414D}.Release|x64.Build.0 = Release|x64
		{DA43F1C3-9CEE-3C19-A2D6-653C3767414D}.MinSizeRel|x64.ActiveCfg = MinSizeRel|x64
		{DA43F1C3-9CEE-3C19-A2D6-653C3767414D}.MinSizeRel|x64.Build.0 = MinSizeRel|x64
		{DA43F1C3-9CEE-3C19-A2D6-653C3767414D}.RelWithDebInfo|x64.ActiveCfg = RelWithDebInfo|x64
		{DA43F1C3-9CEE-3C19-A2D6-653C3767414D}.RelWithDebInfo|x64.Build.0 = RelWithDebInfo|x64
		{72E14C36-14AF-39CA-9440-561DCD3BC3C0}.Debug|x64.ActiveCfg = Debug|x64
		{72E14C36-14AF-39CA-9440-561DCD3BC3C0}.Debug|x64.Build.0 = Debug|x64
		{72E14C36-14AF-39CA-9440-561DCD3BC3C0}.Release|x64.ActiveCfg = Release|x64
		{72E14C36-14AF-39CA-9440-561DCD3BC3C0}.Release|x64.Build.0 = Release|x64
		{72E14C36-14AF-39CA-9440-561DCD3BC3C0}.MinSizeRel|x64.ActiveCfg = MinSizeRel|x64
		{72E14C36-14AF-39CA-9440-561DCD3BC3C0}.MinSizeRel|x64.Build.0 = MinSizeRel|x64
		{72E14C36-14AF-39CA-9440-561DCD3BC3C0}.RelWithDebInfo|x64.ActiveCfg = RelWithDebInfo|x64
		{72E14C36-14AF-39CA-9440-561DCD3BC3C0}.RelWithDebInfo|x64.Build.0 = RelWithDebInfo|x64
	EndGlobalSection
	GlobalSection(ExtensibilityGlobals) = postSolution
		SolutionGuid = {943460A8-41C8-317A-A943-E1FA8F7EA80E}
	EndGlobalSection
	GlobalSection(ExtensibilityAddIns) = postSolution
	EndGlobalSection
EndGlobal
