<?xml version="1.0" encoding="utf-8"?>
<Project ToolsVersion="17.0" xmlns="http://schemas.microsoft.com/developer/msbuild/2003">
  <ItemGroup>
    <ClCompile Include="C:\Users\Benno111\Documents\GitHub\DF-New\.build\CMakeFiles\platformer.dir\Unity\unity_1_cxx.cxx">
      <Filter>Source Files</Filter>
    </ClCompile>
    <ClCompile Include="C:\Users\Benno111\Documents\GitHub\DF-New\.build\CMakeFiles\platformer.dir\Unity\unity_0_cxx.cxx">
      <Filter>Source Files</Filter>
    </ClCompile>
    <ClCompile Include="C:\Users\Benno111\Documents\GitHub\DF-New\src\main.cpp">
      <Filter>Source Files</Filter>
    </ClCompile>
    <ClCompile Include="C:\Users\Benno111\Documents\GitHub\DF-New\src\GameApp.cpp">
      <Filter>Source Files</Filter>
    </ClCompile>
    <ClCompile Include="C:\Users\Benno111\Documents\GitHub\DF-New\src\AndroidEntrypoints.cpp">
      <Filter>Source Files</Filter>
    </ClCompile>
    <ClCompile Include="C:\Users\Benno111\Documents\GitHub\DF-New\src\TileMap.cpp">
      <Filter>Source Files</Filter>
    </ClCompile>
    <ClCompile Include="C:\Users\Benno111\Documents\GitHub\DF-New\src\LevelLoader.cpp">
      <Filter>Source Files</Filter>
    </ClCompile>
    <ClCompile Include="C:\Users\Benno111\Documents\GitHub\DF-New\src\TextRenderer.cpp">
      <Filter>Source Files</Filter>
    </ClCompile>
    <ClCompile Include="C:\Users\Benno111\Documents\GitHub\DF-New\src\LevelSelect.cpp">
      <Filter>Source Files</Filter>
    </ClCompile>
    <ClCompile Include="C:\Users\Benno111\Documents\GitHub\DF-New\src\PlayerController.cpp">
      <Filter>Source Files</Filter>
    </ClCompile>
    <ClCompile Include="C:\Users\Benno111\Documents\GitHub\DF-New\src\AssetPath.cpp">
      <Filter>Source Files</Filter>
    </ClCompile>
    <ClCompile Include="C:\Users\Benno111\Documents\GitHub\DF-New\src\LevelManager.cpp">
      <Filter>Source Files</Filter>
    </ClCompile>
    <ClCompile Include="C:\Users\Benno111\Documents\GitHub\DF-New\src\GameSupport.cpp">
      <Filter>Source Files</Filter>
    </ClCompile>
    <ClCompile Include="C:\Users\Benno111\Documents\GitHub\DF-New\src\CrashReporter.cpp">
      <Filter>Source Files</Filter>
    </ClCompile>
    <ClCompile Include="C:\Users\Benno111\Documents\GitHub\DF-New\src\FrontendMenu.cpp">
      <Filter>Source Files</Filter>
    </ClCompile>
    <ClCompile Include="C:\Users\Benno111\Documents\GitHub\DF-New\src\AudioSystem.cpp">
      <Filter>Source Files</Filter>
    </ClCompile>
    <ClCompile Include="C:\Users\Benno111\Documents\GitHub\DF-New\src\ParallaxRenderer.cpp">
      <Filter>Source Files</Filter>
    </ClCompile>
    <ClCompile Include="C:\Users\Benno111\Documents\GitHub\DF-New\src\World3PatternBackground.cpp">
      <Filter>Source Files</Filter>
    </ClCompile>
  </ItemGroup>
  <ItemGroup>
    <CustomBuild Include="C:\Users\Benno111\Documents\GitHub\DF-New\CMakeLists.txt" />
  </ItemGroup>
  <ItemGroup>
    <Natvis Include="C:\Users\Benno111\Documents\GitHub\DF-New\vcpkg\installed\x64-windows\share\nlohmann_json\nlohmann_json.natvis" />
  </ItemGroup>
  <ItemGroup>
    <Filter Include="Source Files">
      <UniqueIdentifier>{71FC16E9-1A39-3FB9-9EE0-BB59CFAF71C1}</UniqueIdentifier>
    </Filter>
  </ItemGroup>
</Project>
